
Microsoft Visual Studio Solution File, Format Version 12.00
# Visual Studio Version 16
VisualStudioVersion = 16.0.28729.10
MinimumVisualStudioVersion = 10.0.40219.1
Project("{9A19103F-16F7-4668-BE54-9A1E7A4F7556}") = "DEM.Net.glTF", "DEM.Net.glTF\DEM.Net.glTF.csproj", "{CE185808-4B76-4E86-9F8C-B28BDA08CD8B}"
EndProject
Project("{9A19103F-16F7-4668-BE54-9A1E7A4F7556}") = "DEM.Net.xUnit.Test", "DEM.Net.xUnit.Test\DEM.Net.xUnit.Test.csproj", "{33F6AD6A-91B8-46BF-A00B-338869907800}"
EndProject
Project("{9A19103F-16F7-4668-BE54-9A1E7A4F7556}") = "DEM.Net.Core", "DEM.Net.Core\DEM.Net.Core.csproj", "{B335092D-4D33-4DC4-A02D-EB8731AF3D76}"
EndProject
Project("{FAE04EC0-301F-11D3-BF4B-00C04F79EFBC}") = "DEM.Net.TestWinForm", "DEM.Net.TestWinForm\DEM.Net.TestWinForm.csproj", "{9417FC33-D64A-4B15-AD47-286382F1FF21}"
EndProject
Project("{2150E333-8FDC-42A3-9474-1A3956D46DE8}") = "License", "License", "{D6ED085C-7DDE-428D-B70E-ABDCD84EEF71}"
	ProjectSection(SolutionItems) = preProject
		LICENSE - ThirdParty.md = LICENSE - ThirdParty.md
		LICENSE.md = LICENSE.md
	EndProjectSection
EndProject
Project("{2150E333-8FDC-42A3-9474-1A3956D46DE8}") = "netCDF", "netCDF", "{9377C8A7-BDCF-43AB-8A8B-5C6B4423869B}"
EndProject
Project("{FAE04EC0-301F-11D3-BF4B-00C04F79EFBC}") = "DEM.Net.Importers.Console", "DEM.Net.Importers.Console\DEM.Net.Importers.Console.csproj", "{DCB1E2F6-7636-4209-B994-2B3986702E58}"
EndProject
Project("{FAE04EC0-301F-11D3-BF4B-00C04F79EFBC}") = "DEM.Net.Plugin.netCDF", "DEM.Net.Plugin.netCDF\DEM.Net.Plugin.netCDF.csproj", "{AB5E3AE6-5DB4-49BC-8A31-6C30BE805A96}"
EndProject
Global
	GlobalSection(SolutionConfigurationPlatforms) = preSolution
		Debug|Any CPU = Debug|Any CPU
		Release|Any CPU = Release|Any CPU
	EndGlobalSection
	GlobalSection(ProjectConfigurationPlatforms) = postSolution
		{CE185808-4B76-4E86-9F8C-B28BDA08CD8B}.Debug|Any CPU.ActiveCfg = Debug|Any CPU
		{CE185808-4B76-4E86-9F8C-B28BDA08CD8B}.Debug|Any CPU.Build.0 = Debug|Any CPU
		{CE185808-4B76-4E86-9F8C-B28BDA08CD8B}.Release|Any CPU.ActiveCfg = Release|Any CPU
		{CE185808-4B76-4E86-9F8C-B28BDA08CD8B}.Release|Any CPU.Build.0 = Release|Any CPU
		{33F6AD6A-91B8-46BF-A00B-338869907800}.Debug|Any CPU.ActiveCfg = Debug|Any CPU
		{33F6AD6A-91B8-46BF-A00B-338869907800}.Debug|Any CPU.Build.0 = Debug|Any CPU
		{33F6AD6A-91B8-46BF-A00B-338869907800}.Release|Any CPU.ActiveCfg = Release|Any CPU
		{33F6AD6A-91B8-46BF-A00B-338869907800}.Release|Any CPU.Build.0 = Release|Any CPU
		{B335092D-4D33-4DC4-A02D-EB8731AF3D76}.Debug|Any CPU.ActiveCfg = Debug|Any CPU
		{B335092D-4D33-4DC4-A02D-EB8731AF3D76}.Debug|Any CPU.Build.0 = Debug|Any CPU
		{B335092D-4D33-4DC4-A02D-EB8731AF3D76}.Release|Any CPU.ActiveCfg = Release|Any CPU
		{B335092D-4D33-4DC4-A02D-EB8731AF3D76}.Release|Any CPU.Build.0 = Release|Any CPU
		{9417FC33-D64A-4B15-AD47-286382F1FF21}.Debug|Any CPU.ActiveCfg = Debug|Any CPU
		{9417FC33-D64A-4B15-AD47-286382F1FF21}.Debug|Any CPU.Build.0 = Debug|Any CPU
		{9417FC33-D64A-4B15-AD47-286382F1FF21}.Release|Any CPU.ActiveCfg = Debug|Any CPU
		{9417FC33-D64A-4B15-AD47-286382F1FF21}.Release|Any CPU.Build.0 = Debug|Any CPU
		{DCB1E2F6-7636-4209-B994-2B3986702E58}.Debug|Any CPU.ActiveCfg = Debug|Any CPU
		{DCB1E2F6-7636-4209-B994-2B3986702E58}.Debug|Any CPU.Build.0 = Debug|Any CPU
		{DCB1E2F6-7636-4209-B994-2B3986702E58}.Release|Any CPU.ActiveCfg = Release|Any CPU
		{DCB1E2F6-7636-4209-B994-2B3986702E58}.Release|Any CPU.Build.0 = Release|Any CPU
		{AB5E3AE6-5DB4-49BC-8A31-6C30BE805A96}.Debug|Any CPU.ActiveCfg = Debug|Any CPU
		{AB5E3AE6-5DB4-49BC-8A31-6C30BE805A96}.Debug|Any CPU.Build.0 = Debug|Any CPU
		{AB5E3AE6-5DB4-49BC-8A31-6C30BE805A96}.Release|Any CPU.ActiveCfg = Release|Any CPU
		{AB5E3AE6-5DB4-49BC-8A31-6C30BE805A96}.Release|Any CPU.Build.0 = Release|Any CPU
	EndGlobalSection
	GlobalSection(SolutionProperties) = preSolution
		HideSolutionNode = FALSE
	EndGlobalSection
	GlobalSection(NestedProjects) = preSolution
		{DCB1E2F6-7636-4209-B994-2B3986702E58} = {9377C8A7-BDCF-43AB-8A8B-5C6B4423869B}
		{AB5E3AE6-5DB4-49BC-8A31-6C30BE805A96} = {9377C8A7-BDCF-43AB-8A8B-5C6B4423869B}
	EndGlobalSection
	GlobalSection(ExtensibilityGlobals) = postSolution
		SolutionGuid = {90A80639-9A5C-49A0-B58A-DA6AAAF035AB}
	EndGlobalSection
	GlobalSection(MonoDevelopProperties) = preSolution
		Policies = $0
		$0.DotNetNamingPolicy = $1
		$1.DirectoryNamespaceAssociation = PrefixedHierarchical
		$0.StandardHeader = $2
		$0.VersionControlPolicy = $3
		description = Elevation library for .Net Core
	EndGlobalSection
EndGlobal
