
Microsoft Visual Studio Solution File, Format Version 12.00
# Visual Studio Version 16
VisualStudioVersion = 16.0.28729.10
MinimumVisualStudioVersion = 10.0.40219.1
Project("{9A19103F-16F7-4668-BE54-9A1E7A4F7556}") = "DEM.Net.Lib", "DEM.Net.Lib\DEM.Net.Lib.csproj", "{F2994ABD-C59E-4067-9B23-249AC1716264}"
EndProject
Project("{FAE04EC0-301F-11D3-BF4B-00C04F79EFBC}") = "DEM.Net.glTF", "DEM.Net.glTF\DEM.Net.glTF.csproj", "{CE185808-4B76-4E86-9F8C-B28BDA08CD8B}"
EndProject
Project("{FAE04EC0-301F-11D3-BF4B-00C04F79EFBC}") = "DEM.Net.Samples", "DEM.Net.Samples\DEM.Net.Samples.csproj", "{B6BCAD86-9C70-49C4-8926-A4A6ECF4BCE1}"
EndProject
Project("{FAE04EC0-301F-11D3-BF4B-00C04F79EFBC}") = "DEM.Net.xUnit.Test", "DEM.Net.xUnit.Test\DEM.Net.xUnit.Test.csproj", "{33F6AD6A-91B8-46BF-A00B-338869907800}"
EndProject
Global
	GlobalSection(SolutionConfigurationPlatforms) = preSolution
		Debug|Any CPU = Debug|Any CPU
		Release|Any CPU = Release|Any CPU
	EndGlobalSection
	GlobalSection(ProjectConfigurationPlatforms) = postSolution
		{F2994ABD-C59E-4067-9B23-249AC1716264}.Debug|Any CPU.ActiveCfg = Debug|Any CPU
		{F2994ABD-C59E-4067-9B23-249AC1716264}.Debug|Any CPU.Build.0 = Debug|Any CPU
		{F2994ABD-C59E-4067-9B23-249AC1716264}.Release|Any CPU.ActiveCfg = Release|Any CPU
		{F2994ABD-C59E-4067-9B23-249AC1716264}.Release|Any CPU.Build.0 = Release|Any CPU
		{CE185808-4B76-4E86-9F8C-B28BDA08CD8B}.Debug|Any CPU.ActiveCfg = Debug|Any CPU
		{CE185808-4B76-4E86-9F8C-B28BDA08CD8B}.Debug|Any CPU.Build.0 = Debug|Any CPU
		{CE185808-4B76-4E86-9F8C-B28BDA08CD8B}.Release|Any CPU.ActiveCfg = Release|Any CPU
		{CE185808-4B76-4E86-9F8C-B28BDA08CD8B}.Release|Any CPU.Build.0 = Release|Any CPU
		{B6BCAD86-9C70-49C4-8926-A4A6ECF4BCE1}.Debug|Any CPU.ActiveCfg = Debug|Any CPU
		{B6BCAD86-9C70-49C4-8926-A4A6ECF4BCE1}.Debug|Any CPU.Build.0 = Debug|Any CPU
		{B6BCAD86-9C70-49C4-8926-A4A6ECF4BCE1}.Release|Any CPU.ActiveCfg = Release|Any CPU
		{B6BCAD86-9C70-49C4-8926-A4A6ECF4BCE1}.Release|Any CPU.Build.0 = Release|Any CPU
		{33F6AD6A-91B8-46BF-A00B-338869907800}.Debug|Any CPU.ActiveCfg = Debug|Any CPU
		{33F6AD6A-91B8-46BF-A00B-338869907800}.Debug|Any CPU.Build.0 = Debug|Any CPU
		{33F6AD6A-91B8-46BF-A00B-338869907800}.Release|Any CPU.ActiveCfg = Release|Any CPU
		{33F6AD6A-91B8-46BF-A00B-338869907800}.Release|Any CPU.Build.0 = Release|Any CPU
	EndGlobalSection
	GlobalSection(SolutionProperties) = preSolution
		HideSolutionNode = FALSE
	EndGlobalSection
	GlobalSection(ExtensibilityGlobals) = postSolution
		SolutionGuid = {90A80639-9A5C-49A0-B58A-DA6AAAF035AB}
	EndGlobalSection
EndGlobal
